
Microsoft Visual Studio Solution File, Format Version 12.00
# Visual Studio Version 17
VisualStudioVersion = 17.0.31903.59
MinimumVisualStudioVersion = 10.0.40219.1
Project("{FAE04EC0-301F-11D3-BF4B-00C04F79EFBC}") = "PSBicep", "PSBicep\PSBicep.csproj", "{77483FF4-DC61-42F6-8219-8AC5BA61A41E}"
EndProject
Project("{FAE04EC0-301F-11D3-BF4B-00C04F79EFBC}") = "PSBicep.Core", "PSBicep.Core\PSBicep.Core.csproj", "{9D6CD0B6-48E6-45E5-A8E5-D936F9479497}"
EndProject
Global
	GlobalSection(SolutionConfigurationPlatforms) = preSolution
		Debug|Any CPU = Debug|Any CPU
		Release|Any CPU = Release|Any CPU
	EndGlobalSection
	GlobalSection(SolutionProperties) = preSolution
		HideSolutionNode = FALSE
	EndGlobalSection
	GlobalSection(ProjectConfigurationPlatforms) = postSolution
		{77483FF4-DC61-42F6-8219-8AC5BA61A41E}.Debug|Any CPU.ActiveCfg = Debug|Any CPU
		{77483FF4-DC61-42F6-8219-8AC5BA61A41E}.Debug|Any CPU.Build.0 = Debug|Any CPU
		{77483FF4-DC61-42F6-8219-8AC5BA61A41E}.Release|Any CPU.ActiveCfg = Release|Any CPU
		{77483FF4-DC61-42F6-8219-8AC5BA61A41E}.Release|Any CPU.Build.0 = Release|Any CPU
		{9D6CD0B6-48E6-45E5-A8E5-D936F9479497}.Debug|Any CPU.ActiveCfg = Debug|Any CPU
		{9D6CD0B6-48E6-45E5-A8E5-D936F9479497}.Debug|Any CPU.Build.0 = Debug|Any CPU
		{9D6CD0B6-48E6-45E5-A8E5-D936F9479497}.Release|Any CPU.ActiveCfg = Release|Any CPU
		{9D6CD0B6-48E6-45E5-A8E5-D936F9479497}.Release|Any CPU.Build.0 = Release|Any CPU
	EndGlobalSection
EndGlobal
