Microsoft Visual Studio Solution File, Format Version 12.00
# Visual Studio Version 17
VisualStudioVersion = 17.5.2.0
MinimumVisualStudioVersion = 10.0.40219.1
Project("{FAE04EC0-301F-11D3-BF4B-00C04F79EFBC}") = "PSBicep", "PSBicep.csproj", "{8C594992-D9E1-90B9-9E3F-24A4A847EF31}"
EndProject
Global
	GlobalSection(SolutionConfigurationPlatforms) = preSolution
		Debug|Any CPU = Debug|Any CPU
		Release|Any CPU = Release|Any CPU
	EndGlobalSection
	GlobalSection(ProjectConfigurationPlatforms) = postSolution
		{8C594992-D9E1-90B9-9E3F-24A4A847EF31}.Debug|Any CPU.ActiveCfg = Debug|Any CPU
		{8C594992-D9E1-90B9-9E3F-24A4A847EF31}.Debug|Any CPU.Build.0 = Debug|Any CPU
		{8C594992-D9E1-90B9-9E3F-24A4A847EF31}.Release|Any CPU.ActiveCfg = Release|Any CPU
		{8C594992-D9E1-90B9-9E3F-24A4A847EF31}.Release|Any CPU.Build.0 = Release|Any CPU
	EndGlobalSection
	GlobalSection(SolutionProperties) = preSolution
		HideSolutionNode = FALSE
	EndGlobalSection
	GlobalSection(ExtensibilityGlobals) = postSolution
		SolutionGuid = {91CED7A0-B50B-434E-8396-96561C6FA94F}
	EndGlobalSection
EndGlobal
