Microsoft Visual Studio Solution File, Format Version 12.00
# Visual Studio Version 17
VisualStudioVersion = 17.5.2.0
MinimumVisualStudioVersion = 10.0.40219.1
Project("{FAE04EC0-301F-11D3-BF4B-00C04F79EFBC}") = "PSBicep.Core", "PSBicep.Core.csproj", "{B8EB0C6F-CFE1-2392-416A-F6CEC8E4CE03}"
EndProject
Global
	GlobalSection(SolutionConfigurationPlatforms) = preSolution
		Debug|Any CPU = Debug|Any CPU
		Release|Any CPU = Release|Any CPU
	EndGlobalSection
	GlobalSection(ProjectConfigurationPlatforms) = postSolution
		{B8EB0C6F-CFE1-2392-416A-F6CEC8E4CE03}.Debug|Any CPU.ActiveCfg = Debug|Any CPU
		{B8EB0C6F-CFE1-2392-416A-F6CEC8E4CE03}.Debug|Any CPU.Build.0 = Debug|Any CPU
		{B8EB0C6F-CFE1-2392-416A-F6CEC8E4CE03}.Release|Any CPU.ActiveCfg = Release|Any CPU
		{B8EB0C6F-CFE1-2392-416A-F6CEC8E4CE03}.Release|Any CPU.Build.0 = Release|Any CPU
	EndGlobalSection
	GlobalSection(SolutionProperties) = preSolution
		HideSolutionNode = FALSE
	EndGlobalSection
	GlobalSection(ExtensibilityGlobals) = postSolution
		SolutionGuid = {F0F3272F-04FF-467D-9844-2D12C60D8D61}
	EndGlobalSection
EndGlobal
